
Microsoft Visual Studio Solution File, Format Version 12.00
# Visual Studio 14
VisualStudioVersion = 14.0.25420.1
MinimumVisualStudioVersion = 10.0.40219.1
Project("{FAE04EC0-301F-11D3-BF4B-00C04F79EFBC}") = "SliddingPuzzle", "SliddingPuzzle\SliddingPuzzle.csproj", "{56CA3A0D-9BBA-44AE-9B6C-DFC2AE1972BF}"
EndProject
Project("{FAE04EC0-301F-11D3-BF4B-00C04F79EFBC}") = "SlidingPuzzle_Tests", "SlidingPuzzle_Tests\SlidingPuzzle_Tests.csproj", "{38DED2EF-3CA7-44A9-9771-0117C2604738}"
EndProject
Global
	GlobalSection(SolutionConfigurationPlatforms) = preSolution
		Debug|Any CPU = Debug|Any CPU
		Debug|ARM = Debug|ARM
		Debug|x64 = Debug|x64
		Debug|x86 = Debug|x86
		Release|Any CPU = Release|Any CPU
		Release|ARM = Release|ARM
		Release|x64 = Release|x64
		Release|x86 = Release|x86
	EndGlobalSection
	GlobalSection(ProjectConfigurationPlatforms) = postSolution
		{56CA3A0D-9BBA-44AE-9B6C-DFC2AE1972BF}.Debug|Any CPU.ActiveCfg = Debug|x86
		{56CA3A0D-9BBA-44AE-9B6C-DFC2AE1972BF}.Debug|ARM.ActiveCfg = Debug|ARM
		{56CA3A0D-9BBA-44AE-9B6C-DFC2AE1972BF}.Debug|ARM.Build.0 = Debug|ARM
		{56CA3A0D-9BBA-44AE-9B6C-DFC2AE1972BF}.Debug|ARM.Deploy.0 = Debug|ARM
		{56CA3A0D-9BBA-44AE-9B6C-DFC2AE1972BF}.Debug|x64.ActiveCfg = Debug|x64
		{56CA3A0D-9BBA-44AE-9B6C-DFC2AE1972BF}.Debug|x64.Build.0 = Debug|x64
		{56CA3A0D-9BBA-44AE-9B6C-DFC2AE1972BF}.Debug|x64.Deploy.0 = Debug|x64
		{56CA3A0D-9BBA-44AE-9B6C-DFC2AE1972BF}.Debug|x86.ActiveCfg = Debug|x86
		{56CA3A0D-9BBA-44AE-9B6C-DFC2AE1972BF}.Debug|x86.Build.0 = Debug|x86
		{56CA3A0D-9BBA-44AE-9B6C-DFC2AE1972BF}.Debug|x86.Deploy.0 = Debug|x86
		{56CA3A0D-9BBA-44AE-9B6C-DFC2AE1972BF}.Release|Any CPU.ActiveCfg = Release|x86
		{56CA3A0D-9BBA-44AE-9B6C-DFC2AE1972BF}.Release|ARM.ActiveCfg = Release|ARM
		{56CA3A0D-9BBA-44AE-9B6C-DFC2AE1972BF}.Release|ARM.Build.0 = Release|ARM
		{56CA3A0D-9BBA-44AE-9B6C-DFC2AE1972BF}.Release|ARM.Deploy.0 = Release|ARM
		{56CA3A0D-9BBA-44AE-9B6C-DFC2AE1972BF}.Release|x64.ActiveCfg = Release|x64
		{56CA3A0D-9BBA-44AE-9B6C-DFC2AE1972BF}.Release|x64.Build.0 = Release|x64
		{56CA3A0D-9BBA-44AE-9B6C-DFC2AE1972BF}.Release|x64.Deploy.0 = Release|x64
		{56CA3A0D-9BBA-44AE-9B6C-DFC2AE1972BF}.Release|x86.ActiveCfg = Release|x86
		{56CA3A0D-9BBA-44AE-9B6C-DFC2AE1972BF}.Release|x86.Build.0 = Release|x86
		{56CA3A0D-9BBA-44AE-9B6C-DFC2AE1972BF}.Release|x86.Deploy.0 = Release|x86
		{38DED2EF-3CA7-44A9-9771-0117C2604738}.Debug|Any CPU.ActiveCfg = Debug|x86
		{38DED2EF-3CA7-44A9-9771-0117C2604738}.Debug|ARM.ActiveCfg = Debug|ARM
		{38DED2EF-3CA7-44A9-9771-0117C2604738}.Debug|ARM.Build.0 = Debug|ARM
		{38DED2EF-3CA7-44A9-9771-0117C2604738}.Debug|ARM.Deploy.0 = Debug|ARM
		{38DED2EF-3CA7-44A9-9771-0117C2604738}.Debug|x64.ActiveCfg = Debug|x64
		{38DED2EF-3CA7-44A9-9771-0117C2604738}.Debug|x64.Build.0 = Debug|x64
		{38DED2EF-3CA7-44A9-9771-0117C2604738}.Debug|x64.Deploy.0 = Debug|x64
		{38DED2EF-3CA7-44A9-9771-0117C2604738}.Debug|x86.ActiveCfg = Debug|x86
		{38DED2EF-3CA7-44A9-9771-0117C2604738}.Debug|x86.Build.0 = Debug|x86
		{38DED2EF-3CA7-44A9-9771-0117C2604738}.Debug|x86.Deploy.0 = Debug|x86
		{38DED2EF-3CA7-44A9-9771-0117C2604738}.Release|Any CPU.ActiveCfg = Release|x86
		{38DED2EF-3CA7-44A9-9771-0117C2604738}.Release|ARM.ActiveCfg = Release|ARM
		{38DED2EF-3CA7-44A9-9771-0117C2604738}.Release|ARM.Build.0 = Release|ARM
		{38DED2EF-3CA7-44A9-9771-0117C2604738}.Release|ARM.Deploy.0 = Release|ARM
		{38DED2EF-3CA7-44A9-9771-0117C2604738}.Release|x64.ActiveCfg = Release|x64
		{38DED2EF-3CA7-44A9-9771-0117C2604738}.Release|x64.Build.0 = Release|x64
		{38DED2EF-3CA7-44A9-9771-0117C2604738}.Release|x64.Deploy.0 = Release|x64
		{38DED2EF-3CA7-44A9-9771-0117C2604738}.Release|x86.ActiveCfg = Release|x86
		{38DED2EF-3CA7-44A9-9771-0117C2604738}.Release|x86.Build.0 = Release|x86
		{38DED2EF-3CA7-44A9-9771-0117C2604738}.Release|x86.Deploy.0 = Release|x86
	EndGlobalSection
	GlobalSection(SolutionProperties) = preSolution
		HideSolutionNode = FALSE
	EndGlobalSection
EndGlobal
